
Microsoft Visual Studio Solution File, Format Version 12.00
# Visual Studio Version 17
VisualStudioVersion = 17.0.32112.339
MinimumVisualStudioVersion = 10.0.40219.1
Project("{FAE04EC0-301F-11D3-BF4B-00C04F79EFBC}") = "VueApp", "VueApp\VueApp.csproj", "{9EACFEA7-879A-43E1-93CE-BC76712CAC70}"
EndProject
Global
	GlobalSection(SolutionConfigurationPlatforms) = preSolution
		Debug|Any CPU = Debug|Any CPU
		Release|Any CPU = Release|Any CPU
	EndGlobalSection
	GlobalSection(ProjectConfigurationPlatforms) = postSolution
		{9EACFEA7-879A-43E1-93CE-BC76712CAC70}.Debug|Any CPU.ActiveCfg = Debug|Any CPU
		{9EACFEA7-879A-43E1-93CE-BC76712CAC70}.Debug|Any CPU.Build.0 = Debug|Any CPU
		{9EACFEA7-879A-43E1-93CE-BC76712CAC70}.Release|Any CPU.ActiveCfg = Release|Any CPU
		{9EACFEA7-879A-43E1-93CE-BC76712CAC70}.Release|Any CPU.Build.0 = Release|Any CPU
	EndGlobalSection
	GlobalSection(SolutionProperties) = preSolution
		HideSolutionNode = FALSE
	EndGlobalSection
	GlobalSection(ExtensibilityGlobals) = postSolution
		SolutionGuid = {DBF20158-7367-4BF5-9758-20F3688B99B2}
	EndGlobalSection
EndGlobal
